// !$*UTF8*$!
{
	archiveVersion = 1;
	classes = {
	};
	objectVersion = 55;
	objects = {

/* Begin PBXBuildFile section */
		1808D94D28A8E1D4005CBA69 /* HomeViewController.swift in Sources */ = {isa = PBXBuildFile; fileRef = 1808D94C28A8E1D4005CBA69 /* HomeViewController.swift */; };
		1808D95428A8F256005CBA69 /* CategoryCollectionViewCell.swift in Sources */ = {isa = PBXBuildFile; fileRef = 1808D95228A8F256005CBA69 /* CategoryCollectionViewCell.swift */; };
		1808D95528A8F256005CBA69 /* CategoryCollectionViewCell.xib in Resources */ = {isa = PBXBuildFile; fileRef = 1808D95328A8F256005CBA69 /* CategoryCollectionViewCell.xib */; };
		1808D95728A8F49E005CBA69 /* DishCategory.swift in Sources */ = {isa = PBXBuildFile; fileRef = 1808D95628A8F49E005CBA69 /* DishCategory.swift */; };
		1843B26628A8F7B4001CC257 /* String + Extension.swift in Sources */ = {isa = PBXBuildFile; fileRef = 1843B26528A8F7B4001CC257 /* String + Extension.swift */; };
		1843B26928A90F58001CC257 /* CardView.swift in Sources */ = {isa = PBXBuildFile; fileRef = 1843B26828A90F58001CC257 /* CardView.swift */; };
		184CB3AD28A9222400836ADD /* DishPortraitCollectionViewCell.swift in Sources */ = {isa = PBXBuildFile; fileRef = 184CB3AB28A9222400836ADD /* DishPortraitCollectionViewCell.swift */; };
		184CB3AE28A9222400836ADD /* DishPortraitCollectionViewCell.xib in Resources */ = {isa = PBXBuildFile; fileRef = 184CB3AC28A9222400836ADD /* DishPortraitCollectionViewCell.xib */; };
		184CB3B028A924A700836ADD /* Dish.swift in Sources */ = {isa = PBXBuildFile; fileRef = 184CB3AF28A924A700836ADD /* Dish.swift */; };
		184CB3B428AA20A400836ADD /* DishLandscapeCollectionViewCell.swift in Sources */ = {isa = PBXBuildFile; fileRef = 184CB3B228AA20A400836ADD /* DishLandscapeCollectionViewCell.swift */; };
		184CB3B528AA20A400836ADD /* DishLandscapeCollectionViewCell.xib in Resources */ = {isa = PBXBuildFile; fileRef = 184CB3B328AA20A400836ADD /* DishLandscapeCollectionViewCell.xib */; };
		188DAA87B61114DFA8B044F5 /* Pods_Yummie.framework in Frameworks */ = {isa = PBXBuildFile; fileRef = BB42FB85E09355408F2F432D /* Pods_Yummie.framework */; };
		18E1235428A79A450063AC75 /* AppDelegate.swift in Sources */ = {isa = PBXBuildFile; fileRef = 18E1235328A79A450063AC75 /* AppDelegate.swift */; };
		18E1235628A79A450063AC75 /* SceneDelegate.swift in Sources */ = {isa = PBXBuildFile; fileRef = 18E1235528A79A450063AC75 /* SceneDelegate.swift */; };
		18E1235B28A79A450063AC75 /* Main.storyboard in Resources */ = {isa = PBXBuildFile; fileRef = 18E1235928A79A450063AC75 /* Main.storyboard */; };
		18E1235D28A79A470063AC75 /* Assets.xcassets in Resources */ = {isa = PBXBuildFile; fileRef = 18E1235C28A79A470063AC75 /* Assets.xcassets */; };
		18E1236028A79A470063AC75 /* LaunchScreen.storyboard in Resources */ = {isa = PBXBuildFile; fileRef = 18E1235E28A79A470063AC75 /* LaunchScreen.storyboard */; };
		18E1236C28A7A4020063AC75 /* OnbordingViewController.swift in Sources */ = {isa = PBXBuildFile; fileRef = 18E1236B28A7A4020063AC75 /* OnbordingViewController.swift */; };
		18E1238F28A7AE870063AC75 /* UIView + Extension.swift in Sources */ = {isa = PBXBuildFile; fileRef = 18E1238E28A7AE870063AC75 /* UIView + Extension.swift */; };
		18E1239128A7AFC80063AC75 /* OnboaringSlide.swift in Sources */ = {isa = PBXBuildFile; fileRef = 18E1239028A7AFC80063AC75 /* OnboaringSlide.swift */; };
		18E1239328A7B3380063AC75 /* OnboaringCollectionViewCell.swift in Sources */ = {isa = PBXBuildFile; fileRef = 18E1239228A7B3380063AC75 /* OnboaringCollectionViewCell.swift */; };
/* End PBXBuildFile section */

/* Begin PBXFileReference section */
		044E4305296F5863246C72F0 /* Pods-Yummie.release.xcconfig */ = {isa = PBXFileReference; includeInIndex = 1; lastKnownFileType = text.xcconfig; name = "Pods-Yummie.release.xcconfig"; path = "Target Support Files/Pods-Yummie/Pods-Yummie.release.xcconfig"; sourceTree = "<group>"; };
		1808D94C28A8E1D4005CBA69 /* HomeViewController.swift */ = {isa = PBXFileReference; lastKnownFileType = sourcecode.swift; path = HomeViewController.swift; sourceTree = "<group>"; };
		1808D95228A8F256005CBA69 /* CategoryCollectionViewCell.swift */ = {isa = PBXFileReference; lastKnownFileType = sourcecode.swift; path = CategoryCollectionViewCell.swift; sourceTree = "<group>"; };
		1808D95328A8F256005CBA69 /* CategoryCollectionViewCell.xib */ = {isa = PBXFileReference; lastKnownFileType = file.xib; path = CategoryCollectionViewCell.xib; sourceTree = "<group>"; };
		1808D95628A8F49E005CBA69 /* DishCategory.swift */ = {isa = PBXFileReference; lastKnownFileType = sourcecode.swift; path = DishCategory.swift; sourceTree = "<group>"; };
		1843B26528A8F7B4001CC257 /* String + Extension.swift */ = {isa = PBXFileReference; lastKnownFileType = sourcecode.swift; path = "String + Extension.swift"; sourceTree = "<group>"; };
		1843B26828A90F58001CC257 /* CardView.swift */ = {isa = PBXFileReference; lastKnownFileType = sourcecode.swift; path = CardView.swift; sourceTree = "<group>"; };
		184CB3AB28A9222400836ADD /* DishPortraitCollectionViewCell.swift */ = {isa = PBXFileReference; lastKnownFileType = sourcecode.swift; path = DishPortraitCollectionViewCell.swift; sourceTree = "<group>"; };
		184CB3AC28A9222400836ADD /* DishPortraitCollectionViewCell.xib */ = {isa = PBXFileReference; lastKnownFileType = file.xib; path = DishPortraitCollectionViewCell.xib; sourceTree = "<group>"; };
		184CB3AF28A924A700836ADD /* Dish.swift */ = {isa = PBXFileReference; lastKnownFileType = sourcecode.swift; path = Dish.swift; sourceTree = "<group>"; };
		184CB3B228AA20A400836ADD /* DishLandscapeCollectionViewCell.swift */ = {isa = PBXFileReference; lastKnownFileType = sourcecode.swift; path = DishLandscapeCollectionViewCell.swift; sourceTree = "<group>"; };
		184CB3B328AA20A400836ADD /* DishLandscapeCollectionViewCell.xib */ = {isa = PBXFileReference; lastKnownFileType = file.xib; path = DishLandscapeCollectionViewCell.xib; sourceTree = "<group>"; };
		18E1235028A79A450063AC75 /* Yummie.app */ = {isa = PBXFileReference; explicitFileType = wrapper.application; includeInIndex = 0; path = Yummie.app; sourceTree = BUILT_PRODUCTS_DIR; };
		18E1235328A79A450063AC75 /* AppDelegate.swift */ = {isa = PBXFileReference; lastKnownFileType = sourcecode.swift; path = AppDelegate.swift; sourceTree = "<group>"; };
		18E1235528A79A450063AC75 /* SceneDelegate.swift */ = {isa = PBXFileReference; lastKnownFileType = sourcecode.swift; path = SceneDelegate.swift; sourceTree = "<group>"; };
		18E1235A28A79A450063AC75 /* Base */ = {isa = PBXFileReference; lastKnownFileType = file.storyboard; name = Base; path = Base.lproj/Main.storyboard; sourceTree = "<group>"; };
		18E1235C28A79A470063AC75 /* Assets.xcassets */ = {isa = PBXFileReference; lastKnownFileType = folder.assetcatalog; path = Assets.xcassets; sourceTree = "<group>"; };
		18E1235F28A79A470063AC75 /* Base */ = {isa = PBXFileReference; lastKnownFileType = file.storyboard; name = Base; path = Base.lproj/LaunchScreen.storyboard; sourceTree = "<group>"; };
		18E1236128A79A470063AC75 /* Info.plist */ = {isa = PBXFileReference; lastKnownFileType = text.plist.xml; path = Info.plist; sourceTree = "<group>"; };
		18E1236B28A7A4020063AC75 /* OnbordingViewController.swift */ = {isa = PBXFileReference; lastKnownFileType = sourcecode.swift; path = OnbordingViewController.swift; sourceTree = "<group>"; };
		18E1238E28A7AE870063AC75 /* UIView + Extension.swift */ = {isa = PBXFileReference; lastKnownFileType = sourcecode.swift; path = "UIView + Extension.swift"; sourceTree = "<group>"; };
		18E1239028A7AFC80063AC75 /* OnboaringSlide.swift */ = {isa = PBXFileReference; lastKnownFileType = sourcecode.swift; path = OnboaringSlide.swift; sourceTree = "<group>"; };
		18E1239228A7B3380063AC75 /* OnboaringCollectionViewCell.swift */ = {isa = PBXFileReference; lastKnownFileType = sourcecode.swift; path = OnboaringCollectionViewCell.swift; sourceTree = "<group>"; };
		39FE20D6DB6E5C4EAF94C855 /* Pods-Yummie.debug.xcconfig */ = {isa = PBXFileReference; includeInIndex = 1; lastKnownFileType = text.xcconfig; name = "Pods-Yummie.debug.xcconfig"; path = "Target Support Files/Pods-Yummie/Pods-Yummie.debug.xcconfig"; sourceTree = "<group>"; };
		BB42FB85E09355408F2F432D /* Pods_Yummie.framework */ = {isa = PBXFileReference; explicitFileType = wrapper.framework; includeInIndex = 0; path = Pods_Yummie.framework; sourceTree = BUILT_PRODUCTS_DIR; };
/* End PBXFileReference section */

/* Begin PBXFrameworksBuildPhase section */
		18E1234D28A79A450063AC75 /* Frameworks */ = {
			isa = PBXFrameworksBuildPhase;
			buildActionMask = 2147483647;
			files = (
				188DAA87B61114DFA8B044F5 /* Pods_Yummie.framework in Frameworks */,
			);
			runOnlyForDeploymentPostprocessing = 0;
		};
/* End PBXFrameworksBuildPhase section */

/* Begin PBXGroup section */
		1808D94B28A8E1B3005CBA69 /* Home */ = {
			isa = PBXGroup;
			children = (
				1808D94C28A8E1D4005CBA69 /* HomeViewController.swift */,
			);
			path = Home;
			sourceTree = "<group>";
		};
		1808D94E28A8F1AF005CBA69 /* CollectionViewCells */ = {
			isa = PBXGroup;
			children = (
				184CB3B128AA1DFD00836ADD /* DishLandscapeCollectionViewCell */,
				184CB3AA28A921F600836ADD /* DishPortraitCollectionViewCell */,
				1808D94F28A8F1D3005CBA69 /* CategoryCollectionViewCell */,
			);
			path = CollectionViewCells;
			sourceTree = "<group>";
		};
		1808D94F28A8F1D3005CBA69 /* CategoryCollectionViewCell */ = {
			isa = PBXGroup;
			children = (
				1808D95228A8F256005CBA69 /* CategoryCollectionViewCell.swift */,
				1808D95328A8F256005CBA69 /* CategoryCollectionViewCell.xib */,
			);
			path = CategoryCollectionViewCell;
			sourceTree = "<group>";
		};
		1843B26728A90F38001CC257 /* CardView */ = {
			isa = PBXGroup;
			children = (
				1843B26828A90F58001CC257 /* CardView.swift */,
			);
			path = CardView;
			sourceTree = "<group>";
		};
		184CB3AA28A921F600836ADD /* DishPortraitCollectionViewCell */ = {
			isa = PBXGroup;
			children = (
				184CB3AB28A9222400836ADD /* DishPortraitCollectionViewCell.swift */,
				184CB3AC28A9222400836ADD /* DishPortraitCollectionViewCell.xib */,
			);
			path = DishPortraitCollectionViewCell;
			sourceTree = "<group>";
		};
		184CB3B128AA1DFD00836ADD /* DishLandscapeCollectionViewCell */ = {
			isa = PBXGroup;
			children = (
				184CB3B228AA20A400836ADD /* DishLandscapeCollectionViewCell.swift */,
				184CB3B328AA20A400836ADD /* DishLandscapeCollectionViewCell.xib */,
			);
			path = DishLandscapeCollectionViewCell;
			sourceTree = "<group>";
		};
		18E1234728A79A450063AC75 = {
			isa = PBXGroup;
			children = (
				18E1235228A79A450063AC75 /* Yummie */,
				18E1235128A79A450063AC75 /* Products */,
				FD62CB83F145B6639F226B37 /* Pods */,
				BEC0354B3CBAA2CDDF2C9BFC /* Frameworks */,
			);
			sourceTree = "<group>";
		};
		18E1235128A79A450063AC75 /* Products */ = {
			isa = PBXGroup;
			children = (
				18E1235028A79A450063AC75 /* Yummie.app */,
			);
			name = Products;
			sourceTree = "<group>";
		};
		18E1235228A79A450063AC75 /* Yummie */ = {
			isa = PBXGroup;
			children = (
				18E1238D28A7AE450063AC75 /* Extensions */,
				18E1236928A7A0580063AC75 /* CustomViews */,
				18E1236828A7A0420063AC75 /* Views */,
				18E1236728A7A0270063AC75 /* Models */,
				18E1235328A79A450063AC75 /* AppDelegate.swift */,
				18E1235528A79A450063AC75 /* SceneDelegate.swift */,
				18E1235928A79A450063AC75 /* Main.storyboard */,
				18E1235C28A79A470063AC75 /* Assets.xcassets */,
				18E1235E28A79A470063AC75 /* LaunchScreen.storyboard */,
				18E1236128A79A470063AC75 /* Info.plist */,
			);
			path = Yummie;
			sourceTree = "<group>";
		};
		18E1236728A7A0270063AC75 /* Models */ = {
			isa = PBXGroup;
			children = (
				18E1239028A7AFC80063AC75 /* OnboaringSlide.swift */,
				1808D95628A8F49E005CBA69 /* DishCategory.swift */,
				184CB3AF28A924A700836ADD /* Dish.swift */,
			);
			path = Models;
			sourceTree = "<group>";
		};
		18E1236828A7A0420063AC75 /* Views */ = {
			isa = PBXGroup;
			children = (
				1808D94B28A8E1B3005CBA69 /* Home */,
				18E1236A28A7A0880063AC75 /* Onbording */,
			);
			path = Views;
			sourceTree = "<group>";
		};
		18E1236928A7A0580063AC75 /* CustomViews */ = {
			isa = PBXGroup;
			children = (
				1843B26728A90F38001CC257 /* CardView */,
				1808D94E28A8F1AF005CBA69 /* CollectionViewCells */,
			);
			path = CustomViews;
			sourceTree = "<group>";
		};
		18E1236A28A7A0880063AC75 /* Onbording */ = {
			isa = PBXGroup;
			children = (
				18E1236B28A7A4020063AC75 /* OnbordingViewController.swift */,
				18E1239228A7B3380063AC75 /* OnboaringCollectionViewCell.swift */,
			);
			path = Onbording;
			sourceTree = "<group>";
		};
		18E1238D28A7AE450063AC75 /* Extensions */ = {
			isa = PBXGroup;
			children = (
				18E1238E28A7AE870063AC75 /* UIView + Extension.swift */,
				1843B26528A8F7B4001CC257 /* String + Extension.swift */,
			);
			path = Extensions;
			sourceTree = "<group>";
		};
		BEC0354B3CBAA2CDDF2C9BFC /* Frameworks */ = {
			isa = PBXGroup;
			children = (
				BB42FB85E09355408F2F432D /* Pods_Yummie.framework */,
			);
			name = Frameworks;
			sourceTree = "<group>";
		};
		FD62CB83F145B6639F226B37 /* Pods */ = {
			isa = PBXGroup;
			children = (
				39FE20D6DB6E5C4EAF94C855 /* Pods-Yummie.debug.xcconfig */,
				044E4305296F5863246C72F0 /* Pods-Yummie.release.xcconfig */,
			);
			path = Pods;
			sourceTree = "<group>";
		};
/* End PBXGroup section */

/* Begin PBXNativeTarget section */
		18E1234F28A79A450063AC75 /* Yummie */ = {
			isa = PBXNativeTarget;
			buildConfigurationList = 18E1236428A79A470063AC75 /* Build configuration list for PBXNativeTarget "Yummie" */;
			buildPhases = (
				9BDB5FED24FBD4BCD58E5651 /* [CP] Check Pods Manifest.lock */,
				18E1234C28A79A450063AC75 /* Sources */,
				18E1234D28A79A450063AC75 /* Frameworks */,
				18E1234E28A79A450063AC75 /* Resources */,
				46F740E6C3BF8133A3726FA4 /* [CP] Embed Pods Frameworks */,
			);
			buildRules = (
			);
			dependencies = (
			);
			name = Yummie;
			productName = Yummie;
			productReference = 18E1235028A79A450063AC75 /* Yummie.app */;
			productType = "com.apple.product-type.application";
		};
/* End PBXNativeTarget section */

/* Begin PBXProject section */
		18E1234828A79A450063AC75 /* Project object */ = {
			isa = PBXProject;
			attributes = {
				BuildIndependentTargetsInParallel = 1;
				LastSwiftUpdateCheck = 1340;
				LastUpgradeCheck = 1340;
				TargetAttributes = {
					18E1234F28A79A450063AC75 = {
						CreatedOnToolsVersion = 13.4.1;
					};
				};
			};
			buildConfigurationList = 18E1234B28A79A450063AC75 /* Build configuration list for PBXProject "Yummie" */;
			compatibilityVersion = "Xcode 13.0";
			developmentRegion = en;
			hasScannedForEncodings = 0;
			knownRegions = (
				en,
				Base,
			);
			mainGroup = 18E1234728A79A450063AC75;
			productRefGroup = 18E1235128A79A450063AC75 /* Products */;
			projectDirPath = "";
			projectRoot = "";
			targets = (
				18E1234F28A79A450063AC75 /* Yummie */,
			);
		};
/* End PBXProject section */

/* Begin PBXResourcesBuildPhase section */
		18E1234E28A79A450063AC75 /* Resources */ = {
			isa = PBXResourcesBuildPhase;
			buildActionMask = 2147483647;
			files = (
				1808D95528A8F256005CBA69 /* CategoryCollectionViewCell.xib in Resources */,
				18E1236028A79A470063AC75 /* LaunchScreen.storyboard in Resources */,
				184CB3AE28A9222400836ADD /* DishPortraitCollectionViewCell.xib in Resources */,
				18E1235D28A79A470063AC75 /* Assets.xcassets in Resources */,
				184CB3B528AA20A400836ADD /* DishLandscapeCollectionViewCell.xib in Resources */,
				18E1235B28A79A450063AC75 /* Main.storyboard in Resources */,
			);
			runOnlyForDeploymentPostprocessing = 0;
		};
/* End PBXResourcesBuildPhase section */

/* Begin PBXShellScriptBuildPhase section */
		46F740E6C3BF8133A3726FA4 /* [CP] Embed Pods Frameworks */ = {
			isa = PBXShellScriptBuildPhase;
			buildActionMask = 2147483647;
			files = (
			);
			inputFileListPaths = (
				"${PODS_ROOT}/Target Support Files/Pods-Yummie/Pods-Yummie-frameworks-${CONFIGURATION}-input-files.xcfilelist",
			);
			name = "[CP] Embed Pods Frameworks";
			outputFileListPaths = (
				"${PODS_ROOT}/Target Support Files/Pods-Yummie/Pods-Yummie-frameworks-${CONFIGURATION}-output-files.xcfilelist",
			);
			runOnlyForDeploymentPostprocessing = 0;
			shellPath = /bin/sh;
			shellScript = "\"${PODS_ROOT}/Target Support Files/Pods-Yummie/Pods-Yummie-frameworks.sh\"\n";
			showEnvVarsInLog = 0;
		};
		9BDB5FED24FBD4BCD58E5651 /* [CP] Check Pods Manifest.lock */ = {
			isa = PBXShellScriptBuildPhase;
			buildActionMask = 2147483647;
			files = (
			);
			inputFileListPaths = (
			);
			inputPaths = (
				"${PODS_PODFILE_DIR_PATH}/Podfile.lock",
				"${PODS_ROOT}/Manifest.lock",
			);
			name = "[CP] Check Pods Manifest.lock";
			outputFileListPaths = (
			);
			outputPaths = (
				"$(DERIVED_FILE_DIR)/Pods-Yummie-checkManifestLockResult.txt",
			);
			runOnlyForDeploymentPostprocessing = 0;
			shellPath = /bin/sh;
			shellScript = "diff \"${PODS_PODFILE_DIR_PATH}/Podfile.lock\" \"${PODS_ROOT}/Manifest.lock\" > /dev/null\nif [ $? != 0 ] ; then\n    # print error to STDERR\n    echo \"error: The sandbox is not in sync with the Podfile.lock. Run 'pod install' or update your CocoaPods installation.\" >&2\n    exit 1\nfi\n# This output is used by Xcode 'outputs' to avoid re-running this script phase.\necho \"SUCCESS\" > \"${SCRIPT_OUTPUT_FILE_0}\"\n";
			showEnvVarsInLog = 0;
		};
/* End PBXShellScriptBuildPhase section */

/* Begin PBXSourcesBuildPhase section */
		18E1234C28A79A450063AC75 /* Sources */ = {
			isa = PBXSourcesBuildPhase;
			buildActionMask = 2147483647;
			files = (
				1808D95428A8F256005CBA69 /* CategoryCollectionViewCell.swift in Sources */,
				18E1238F28A7AE870063AC75 /* UIView + Extension.swift in Sources */,
				1843B26628A8F7B4001CC257 /* String + Extension.swift in Sources */,
				18E1236C28A7A4020063AC75 /* OnbordingViewController.swift in Sources */,
				18E1239128A7AFC80063AC75 /* OnboaringSlide.swift in Sources */,
				18E1235428A79A450063AC75 /* AppDelegate.swift in Sources */,
				18E1239328A7B3380063AC75 /* OnboaringCollectionViewCell.swift in Sources */,
				1808D94D28A8E1D4005CBA69 /* HomeViewController.swift in Sources */,
				184CB3B428AA20A400836ADD /* DishLandscapeCollectionViewCell.swift in Sources */,
				1808D95728A8F49E005CBA69 /* DishCategory.swift in Sources */,
				1843B26928A90F58001CC257 /* CardView.swift in Sources */,
				18E1235628A79A450063AC75 /* SceneDelegate.swift in Sources */,
				184CB3B028A924A700836ADD /* Dish.swift in Sources */,
				184CB3AD28A9222400836ADD /* DishPortraitCollectionViewCell.swift in Sources */,
			);
			runOnlyForDeploymentPostprocessing = 0;
		};
/* End PBXSourcesBuildPhase section */

/* Begin PBXVariantGroup section */
		18E1235928A79A450063AC75 /* Main.storyboard */ = {
			isa = PBXVariantGroup;
			children = (
				18E1235A28A79A450063AC75 /* Base */,
			);
			name = Main.storyboard;
			sourceTree = "<group>";
		};
		18E1235E28A79A470063AC75 /* LaunchScreen.storyboard */ = {
			isa = PBXVariantGroup;
			children = (
				18E1235F28A79A470063AC75 /* Base */,
			);
			name = LaunchScreen.storyboard;
			sourceTree = "<group>";
		};
/* End PBXVariantGroup section */

/* Begin XCBuildConfiguration section */
		18E1236228A79A470063AC75 /* Debug */ = {
			isa = XCBuildConfiguration;
			buildSettings = {
				ALWAYS_SEARCH_USER_PATHS = NO;
				CLANG_ANALYZER_NONNULL = YES;
				CLANG_ANALYZER_NUMBER_OBJECT_CONVERSION = YES_AGGRESSIVE;
				CLANG_CXX_LANGUAGE_STANDARD = "gnu++17";
				CLANG_ENABLE_MODULES = YES;
				CLANG_ENABLE_OBJC_ARC = YES;
				CLANG_ENABLE_OBJC_WEAK = YES;
				CLANG_WARN_BLOCK_CAPTURE_AUTORELEASING = YES;
				CLANG_WARN_BOOL_CONVERSION = YES;
				CLANG_WARN_COMMA = YES;
				CLANG_WARN_CONSTANT_CONVERSION = YES;
				CLANG_WARN_DEPRECATED_OBJC_IMPLEMENTATIONS = YES;
				CLANG_WARN_DIRECT_OBJC_ISA_USAGE = YES_ERROR;
				CLANG_WARN_DOCUMENTATION_COMMENTS = YES;
				CLANG_WARN_EMPTY_BODY = YES;
				CLANG_WARN_ENUM_CONVERSION = YES;
				CLANG_WARN_INFINITE_RECURSION = YES;
				CLANG_WARN_INT_CONVERSION = YES;
				CLANG_WARN_NON_LITERAL_NULL_CONVERSION = YES;
				CLANG_WARN_OBJC_IMPLICIT_RETAIN_SELF = YES;
				CLANG_WARN_OBJC_LITERAL_CONVERSION = YES;
				CLANG_WARN_OBJC_ROOT_CLASS = YES_ERROR;
				CLANG_WARN_QUOTED_INCLUDE_IN_FRAMEWORK_HEADER = YES;
				CLANG_WARN_RANGE_LOOP_ANALYSIS = YES;
				CLANG_WARN_STRICT_PROTOTYPES = YES;
				CLANG_WARN_SUSPICIOUS_MOVE = YES;
				CLANG_WARN_UNGUARDED_AVAILABILITY = YES_AGGRESSIVE;
				CLANG_WARN_UNREACHABLE_CODE = YES;
				CLANG_WARN__DUPLICATE_METHOD_MATCH = YES;
				COPY_PHASE_STRIP = NO;
				DEBUG_INFORMATION_FORMAT = dwarf;
				ENABLE_STRICT_OBJC_MSGSEND = YES;
				ENABLE_TESTABILITY = YES;
				GCC_C_LANGUAGE_STANDARD = gnu11;
				GCC_DYNAMIC_NO_PIC = NO;
				GCC_NO_COMMON_BLOCKS = YES;
				GCC_OPTIMIZATION_LEVEL = 0;
				GCC_PREPROCESSOR_DEFINITIONS = (
					"DEBUG=1",
					"$(inherited)",
				);
				GCC_WARN_64_TO_32_BIT_CONVERSION = YES;
				GCC_WARN_ABOUT_RETURN_TYPE = YES_ERROR;
				GCC_WARN_UNDECLARED_SELECTOR = YES;
				GCC_WARN_UNINITIALIZED_AUTOS = YES_AGGRESSIVE;
				GCC_WARN_UNUSED_FUNCTION = YES;
				GCC_WARN_UNUSED_VARIABLE = YES;
				IPHONEOS_DEPLOYMENT_TARGET = 15.5;
				MTL_ENABLE_DEBUG_INFO = INCLUDE_SOURCE;
				MTL_FAST_MATH = YES;
				ONLY_ACTIVE_ARCH = YES;
				SDKROOT = iphoneos;
				SWIFT_ACTIVE_COMPILATION_CONDITIONS = DEBUG;
				SWIFT_OPTIMIZATION_LEVEL = "-Onone";
			};
			name = Debug;
		};
		18E1236328A79A470063AC75 /* Release */ = {
			isa = XCBuildConfiguration;
			buildSettings = {
				ALWAYS_SEARCH_USER_PATHS = NO;
				CLANG_ANALYZER_NONNULL = YES;
				CLANG_ANALYZER_NUMBER_OBJECT_CONVERSION = YES_AGGRESSIVE;
				CLANG_CXX_LANGUAGE_STANDARD = "gnu++17";
				CLANG_ENABLE_MODULES = YES;
				CLANG_ENABLE_OBJC_ARC = YES;
				CLANG_ENABLE_OBJC_WEAK = YES;
				CLANG_WARN_BLOCK_CAPTURE_AUTORELEASING = YES;
				CLANG_WARN_BOOL_CONVERSION = YES;
				CLANG_WARN_COMMA = YES;
				CLANG_WARN_CONSTANT_CONVERSION = YES;
				CLANG_WARN_DEPRECATED_OBJC_IMPLEMENTATIONS = YES;
				CLANG_WARN_DIRECT_OBJC_ISA_USAGE = YES_ERROR;
				CLANG_WARN_DOCUMENTATION_COMMENTS = YES;
				CLANG_WARN_EMPTY_BODY = YES;
				CLANG_WARN_ENUM_CONVERSION = YES;
				CLANG_WARN_INFINITE_RECURSION = YES;
				CLANG_WARN_INT_CONVERSION = YES;
				CLANG_WARN_NON_LITERAL_NULL_CONVERSION = YES;
				CLANG_WARN_OBJC_IMPLICIT_RETAIN_SELF = YES;
				CLANG_WARN_OBJC_LITERAL_CONVERSION = YES;
				CLANG_WARN_OBJC_ROOT_CLASS = YES_ERROR;
				CLANG_WARN_QUOTED_INCLUDE_IN_FRAMEWORK_HEADER = YES;
				CLANG_WARN_RANGE_LOOP_ANALYSIS = YES;
				CLANG_WARN_STRICT_PROTOTYPES = YES;
				CLANG_WARN_SUSPICIOUS_MOVE = YES;
				CLANG_WARN_UNGUARDED_AVAILABILITY = YES_AGGRESSIVE;
				CLANG_WARN_UNREACHABLE_CODE = YES;
				CLANG_WARN__DUPLICATE_METHOD_MATCH = YES;
				COPY_PHASE_STRIP = NO;
				DEBUG_INFORMATION_FORMAT = "dwarf-with-dsym";
				ENABLE_NS_ASSERTIONS = NO;
				ENABLE_STRICT_OBJC_MSGSEND = YES;
				GCC_C_LANGUAGE_STANDARD = gnu11;
				GCC_NO_COMMON_BLOCKS = YES;
				GCC_WARN_64_TO_32_BIT_CONVERSION = YES;
				GCC_WARN_ABOUT_RETURN_TYPE = YES_ERROR;
				GCC_WARN_UNDECLARED_SELECTOR = YES;
				GCC_WARN_UNINITIALIZED_AUTOS = YES_AGGRESSIVE;
				GCC_WARN_UNUSED_FUNCTION = YES;
				GCC_WARN_UNUSED_VARIABLE = YES;
				IPHONEOS_DEPLOYMENT_TARGET = 15.5;
				MTL_ENABLE_DEBUG_INFO = NO;
				MTL_FAST_MATH = YES;
				SDKROOT = iphoneos;
				SWIFT_COMPILATION_MODE = wholemodule;
				SWIFT_OPTIMIZATION_LEVEL = "-O";
				VALIDATE_PRODUCT = YES;
			};
			name = Release;
		};
		18E1236528A79A470063AC75 /* Debug */ = {
			isa = XCBuildConfiguration;
			baseConfigurationReference = 39FE20D6DB6E5C4EAF94C855 /* Pods-Yummie.debug.xcconfig */;
			buildSettings = {
				ASSETCATALOG_COMPILER_APPICON_NAME = AppIcon;
				ASSETCATALOG_COMPILER_GLOBAL_ACCENT_COLOR_NAME = AccentColor;
				CODE_SIGN_STYLE = Automatic;
				CURRENT_PROJECT_VERSION = 1;
				DEVELOPMENT_TEAM = T73BLRAKR5;
				GENERATE_INFOPLIST_FILE = YES;
				INFOPLIST_FILE = Yummie/Info.plist;
				INFOPLIST_KEY_UIApplicationSupportsIndirectInputEvents = YES;
				INFOPLIST_KEY_UILaunchStoryboardName = LaunchScreen;
				INFOPLIST_KEY_UIMainStoryboardFile = Main;
				INFOPLIST_KEY_UISupportedInterfaceOrientations_iPad = "UIInterfaceOrientationPortrait UIInterfaceOrientationPortraitUpsideDown UIInterfaceOrientationLandscapeLeft UIInterfaceOrientationLandscapeRight";
				INFOPLIST_KEY_UISupportedInterfaceOrientations_iPhone = "UIInterfaceOrientationPortrait UIInterfaceOrientationLandscapeLeft UIInterfaceOrientationLandscapeRight";
				LD_RUNPATH_SEARCH_PATHS = (
					"$(inherited)",
					"@executable_path/Frameworks",
				);
				MARKETING_VERSION = 1.0;
				PRODUCT_BUNDLE_IDENTIFIER = com.Yummie;
				PRODUCT_NAME = "$(TARGET_NAME)";
				SWIFT_EMIT_LOC_STRINGS = YES;
				SWIFT_VERSION = 5.0;
				TARGETED_DEVICE_FAMILY = "1,2";
			};
			name = Debug;
		};
		18E1236628A79A470063AC75 /* Release */ = {
			isa = XCBuildConfiguration;
			baseConfigurationReference = 044E4305296F5863246C72F0 /* Pods-Yummie.release.xcconfig */;
			buildSettings = {
				ASSETCATALOG_COMPILER_APPICON_NAME = AppIcon;
				ASSETCATALOG_COMPILER_GLOBAL_ACCENT_COLOR_NAME = AccentColor;
				CODE_SIGN_STYLE = Automatic;
				CURRENT_PROJECT_VERSION = 1;
				DEVELOPMENT_TEAM = T73BLRAKR5;
				GENERATE_INFOPLIST_FILE = YES;
				INFOPLIST_FILE = Yummie/Info.plist;
				INFOPLIST_KEY_UIApplicationSupportsIndirectInputEvents = YES;
				INFOPLIST_KEY_UILaunchStoryboardName = LaunchScreen;
				INFOPLIST_KEY_UIMainStoryboardFile = Main;
				INFOPLIST_KEY_UISupportedInterfaceOrientations_iPad = "UIInterfaceOrientationPortrait UIInterfaceOrientationPortraitUpsideDown UIInterfaceOrientationLandscapeLeft UIInterfaceOrientationLandscapeRight";
				INFOPLIST_KEY_UISupportedInterfaceOrientations_iPhone = "UIInterfaceOrientationPortrait UIInterfaceOrientationLandscapeLeft UIInterfaceOrientationLandscapeRight";
				LD_RUNPATH_SEARCH_PATHS = (
					"$(inherited)",
					"@executable_path/Frameworks",
				);
				MARKETING_VERSION = 1.0;
				PRODUCT_BUNDLE_IDENTIFIER = com.Yummie;
				PRODUCT_NAME = "$(TARGET_NAME)";
				SWIFT_EMIT_LOC_STRINGS = YES;
				SWIFT_VERSION = 5.0;
				TARGETED_DEVICE_FAMILY = "1,2";
			};
			name = Release;
		};
/* End XCBuildConfiguration section */

/* Begin XCConfigurationList section */
		18E1234B28A79A450063AC75 /* Build configuration list for PBXProject "Yummie" */ = {
			isa = XCConfigurationList;
			buildConfigurations = (
				18E1236228A79A470063AC75 /* Debug */,
				18E1236328A79A470063AC75 /* Release */,
			);
			defaultConfigurationIsVisible = 0;
			defaultConfigurationName = Release;
		};
		18E1236428A79A470063AC75 /* Build configuration list for PBXNativeTarget "Yummie" */ = {
			isa = XCConfigurationList;
			buildConfigurations = (
				18E1236528A79A470063AC75 /* Debug */,
				18E1236628A79A470063AC75 /* Release */,
			);
			defaultConfigurationIsVisible = 0;
			defaultConfigurationName = Release;
		};
/* End XCConfigurationList section */
	};
	rootObject = 18E1234828A79A450063AC75 /* Project object */;
}
